
Microsoft Visual Studio Solution File, Format Version 12.00
# Visual Studio Version 16
VisualStudioVersion = 16.0.29709.97
MinimumVisualStudioVersion = 10.0.40219.1
Project("{FAE04EC0-301F-11D3-BF4B-00C04F79EFBC}") = "ValueReferenceTypes", "ValueReferenceTypes\ValueReferenceTypes.csproj", "{BCF28FEE-B81B-404A-949D-A6C182C2BC69}"
EndProject
Global
	GlobalSection(SolutionConfigurationPlatforms) = preSolution
		Debug|Any CPU = Debug|Any CPU
		Release|Any CPU = Release|Any CPU
	EndGlobalSection
	GlobalSection(ProjectConfigurationPlatforms) = postSolution
		{BCF28FEE-B81B-404A-949D-A6C182C2BC69}.Debug|Any CPU.ActiveCfg = Debug|Any CPU
		{BCF28FEE-B81B-404A-949D-A6C182C2BC69}.Debug|Any CPU.Build.0 = Debug|Any CPU
		{BCF28FEE-B81B-404A-949D-A6C182C2BC69}.Release|Any CPU.ActiveCfg = Release|Any CPU
		{BCF28FEE-B81B-404A-949D-A6C182C2BC69}.Release|Any CPU.Build.0 = Release|Any CPU
	EndGlobalSection
	GlobalSection(SolutionProperties) = preSolution
		HideSolutionNode = FALSE
	EndGlobalSection
	GlobalSection(ExtensibilityGlobals) = postSolution
		SolutionGuid = {5D77B3AD-C2BF-4063-AAD0-CD4B6A7D8BBC}
	EndGlobalSection
EndGlobal
